
Microsoft Visual Studio Solution File, Format Version 12.00
# Visual Studio Version 17
VisualStudioVersion = 17.1.32414.318
MinimumVisualStudioVersion = 10.0.40219.1
Project("{FAE04EC0-301F-11D3-BF4B-00C04F79EFBC}") = "EldenRingParams", "EldenRingParams\EldenRingParams.csproj", "{316E128B-9732-41CE-B509-9F320B1AE9CB}"
EndProject
Project("{9A19103F-16F7-4668-BE54-9A1E7A4F7556}") = "SoulsFormats", "..\SoulsFormats\SoulsFormats\SoulsFormats.csproj", "{A7C4482C-A31E-4EA4-B442-2DEE96C711A1}"
EndProject
Global
	GlobalSection(SolutionConfigurationPlatforms) = preSolution
		Debug|Any CPU = Debug|Any CPU
		Release|Any CPU = Release|Any CPU
	EndGlobalSection
	GlobalSection(ProjectConfigurationPlatforms) = postSolution
		{316E128B-9732-41CE-B509-9F320B1AE9CB}.Debug|Any CPU.ActiveCfg = Debug|Any CPU
		{316E128B-9732-41CE-B509-9F320B1AE9CB}.Debug|Any CPU.Build.0 = Debug|Any CPU
		{316E128B-9732-41CE-B509-9F320B1AE9CB}.Release|Any CPU.ActiveCfg = Release|Any CPU
		{316E128B-9732-41CE-B509-9F320B1AE9CB}.Release|Any CPU.Build.0 = Release|Any CPU
		{A7C4482C-A31E-4EA4-B442-2DEE96C711A1}.Debug|Any CPU.ActiveCfg = Debug|Any CPU
		{A7C4482C-A31E-4EA4-B442-2DEE96C711A1}.Debug|Any CPU.Build.0 = Debug|Any CPU
		{A7C4482C-A31E-4EA4-B442-2DEE96C711A1}.Release|Any CPU.ActiveCfg = Release|Any CPU
		{A7C4482C-A31E-4EA4-B442-2DEE96C711A1}.Release|Any CPU.Build.0 = Release|Any CPU
	EndGlobalSection
	GlobalSection(SolutionProperties) = preSolution
		HideSolutionNode = FALSE
	EndGlobalSection
	GlobalSection(ExtensibilityGlobals) = postSolution
		SolutionGuid = {8E59CE73-599B-43B5-9A25-38CF5CA83E41}
	EndGlobalSection
EndGlobal
